
Microsoft Visual Studio Solution File, Format Version 12.00
# Visual Studio Version 17
VisualStudioVersion = 17.8.34330.188
MinimumVisualStudioVersion = 10.0.40219.1
Project("{9A19103F-16F7-4668-BE54-9A1E7A4F7556}") = "AspNetCore_MVC", "AspNetCore_MVC\AspNetCore_MVC.csproj", "{7CE3DFB0-B1D6-48C6-B779-D1B22470B865}"
EndProject
Project("{FAE04EC0-301F-11D3-BF4B-00C04F79EFBC}") = "Infrastructure", "Infrastructure\Infrastructure.csproj", "{5D098EF3-4E9B-476C-8141-E7B68C02D1D3}"
EndProject
Global
	GlobalSection(SolutionConfigurationPlatforms) = preSolution
		Debug|Any CPU = Debug|Any CPU
		Release|Any CPU = Release|Any CPU
	EndGlobalSection
	GlobalSection(ProjectConfigurationPlatforms) = postSolution
		{7CE3DFB0-B1D6-48C6-B779-D1B22470B865}.Debug|Any CPU.ActiveCfg = Debug|Any CPU
		{7CE3DFB0-B1D6-48C6-B779-D1B22470B865}.Debug|Any CPU.Build.0 = Debug|Any CPU
		{7CE3DFB0-B1D6-48C6-B779-D1B22470B865}.Release|Any CPU.ActiveCfg = Release|Any CPU
		{7CE3DFB0-B1D6-48C6-B779-D1B22470B865}.Release|Any CPU.Build.0 = Release|Any CPU
		{5D098EF3-4E9B-476C-8141-E7B68C02D1D3}.Debug|Any CPU.ActiveCfg = Debug|Any CPU
		{5D098EF3-4E9B-476C-8141-E7B68C02D1D3}.Debug|Any CPU.Build.0 = Debug|Any CPU
		{5D098EF3-4E9B-476C-8141-E7B68C02D1D3}.Release|Any CPU.ActiveCfg = Release|Any CPU
		{5D098EF3-4E9B-476C-8141-E7B68C02D1D3}.Release|Any CPU.Build.0 = Release|Any CPU
	EndGlobalSection
	GlobalSection(SolutionProperties) = preSolution
		HideSolutionNode = FALSE
	EndGlobalSection
	GlobalSection(ExtensibilityGlobals) = postSolution
		SolutionGuid = {3110BD1E-BA49-4FA2-941B-86C870695523}
	EndGlobalSection
EndGlobal
